
Microsoft Visual Studio Solution File, Format Version 12.00
# Visual Studio Version 16
VisualStudioVersion = 16.0.32126.315
MinimumVisualStudioVersion = 10.0.40219.1
Project("{FAE04EC0-301F-11D3-BF4B-00C04F79EFBC}") = "ASP_NET5_App", "ASP_NET5_App\ASP_NET5_App.csproj", "{19E17B6A-3CB5-4475-AD90-4E85C0D0A5D4}"
EndProject
Global
	GlobalSection(SolutionConfigurationPlatforms) = preSolution
		Debug|Any CPU = Debug|Any CPU
		Release|Any CPU = Release|Any CPU
	EndGlobalSection
	GlobalSection(ProjectConfigurationPlatforms) = postSolution
		{19E17B6A-3CB5-4475-AD90-4E85C0D0A5D4}.Debug|Any CPU.ActiveCfg = Debug|Any CPU
		{19E17B6A-3CB5-4475-AD90-4E85C0D0A5D4}.Debug|Any CPU.Build.0 = Debug|Any CPU
		{19E17B6A-3CB5-4475-AD90-4E85C0D0A5D4}.Release|Any CPU.ActiveCfg = Release|Any CPU
		{19E17B6A-3CB5-4475-AD90-4E85C0D0A5D4}.Release|Any CPU.Build.0 = Release|Any CPU
	EndGlobalSection
	GlobalSection(SolutionProperties) = preSolution
		HideSolutionNode = FALSE
	EndGlobalSection
	GlobalSection(ExtensibilityGlobals) = postSolution
		SolutionGuid = {5C796B43-CA3A-4F0F-9B40-8EE5096E5821}
	EndGlobalSection
EndGlobal
