
Microsoft Visual Studio Solution File, Format Version 12.00
# Visual Studio Version 16
VisualStudioVersion = 16.0.31129.286
MinimumVisualStudioVersion = 10.0.40219.1
Project("{FAE04EC0-301F-11D3-BF4B-00C04F79EFBC}") = "module6_1", "module6_1\module6_1.csproj", "{BA9D589A-74AF-4325-980B-7E910706E1BB}"
EndProject
Global
	GlobalSection(SolutionConfigurationPlatforms) = preSolution
		Debug|Any CPU = Debug|Any CPU
		Release|Any CPU = Release|Any CPU
	EndGlobalSection
	GlobalSection(ProjectConfigurationPlatforms) = postSolution
		{BA9D589A-74AF-4325-980B-7E910706E1BB}.Debug|Any CPU.ActiveCfg = Debug|Any CPU
		{BA9D589A-74AF-4325-980B-7E910706E1BB}.Debug|Any CPU.Build.0 = Debug|Any CPU
		{BA9D589A-74AF-4325-980B-7E910706E1BB}.Release|Any CPU.ActiveCfg = Release|Any CPU
		{BA9D589A-74AF-4325-980B-7E910706E1BB}.Release|Any CPU.Build.0 = Release|Any CPU
	EndGlobalSection
	GlobalSection(SolutionProperties) = preSolution
		HideSolutionNode = FALSE
	EndGlobalSection
	GlobalSection(ExtensibilityGlobals) = postSolution
		SolutionGuid = {09660B7C-AA39-47BD-8BFF-2F074CA33161}
	EndGlobalSection
EndGlobal
