
Microsoft Visual Studio Solution File, Format Version 12.00
# Visual Studio Version 16
VisualStudioVersion = 16.0.32126.315
MinimumVisualStudioVersion = 10.0.40219.1
Project("{FAE04EC0-301F-11D3-BF4B-00C04F79EFBC}") = "practice_12_1_5", "ConsoleApp1\practice_12_1_5.csproj", "{8E1FB490-6867-4CA8-A249-A2BCEDC6C36D}"
EndProject
Global
	GlobalSection(SolutionConfigurationPlatforms) = preSolution
		Debug|Any CPU = Debug|Any CPU
		Release|Any CPU = Release|Any CPU
	EndGlobalSection
	GlobalSection(ProjectConfigurationPlatforms) = postSolution
		{8E1FB490-6867-4CA8-A249-A2BCEDC6C36D}.Debug|Any CPU.ActiveCfg = Debug|Any CPU
		{8E1FB490-6867-4CA8-A249-A2BCEDC6C36D}.Debug|Any CPU.Build.0 = Debug|Any CPU
		{8E1FB490-6867-4CA8-A249-A2BCEDC6C36D}.Release|Any CPU.ActiveCfg = Release|Any CPU
		{8E1FB490-6867-4CA8-A249-A2BCEDC6C36D}.Release|Any CPU.Build.0 = Release|Any CPU
	EndGlobalSection
	GlobalSection(SolutionProperties) = preSolution
		HideSolutionNode = FALSE
	EndGlobalSection
	GlobalSection(ExtensibilityGlobals) = postSolution
		SolutionGuid = {D2239B29-2CBB-47B3-9514-A5AF291CE624}
	EndGlobalSection
EndGlobal
