
Microsoft Visual Studio Solution File, Format Version 12.00
# Visual Studio Version 16
VisualStudioVersion = 16.0.31129.286
MinimumVisualStudioVersion = 10.0.40219.1
Project("{FAE04EC0-301F-11D3-BF4B-00C04F79EFBC}") = "module4_Basic_C_Sharp", "module4_Basic_C_Sharp\module4_Basic_C_Sharp.csproj", "{5FE6E0EE-71DA-4597-A1C2-5CEF30040EC4}"
EndProject
Project("{FAE04EC0-301F-11D3-BF4B-00C04F79EFBC}") = "lesson_4.3.7_reverse", "lesson_4.3.7\lesson_4.3.7_reverse.csproj", "{83848366-1470-4500-B6E7-AEE7B63B95C2}"
EndProject
Project("{FAE04EC0-301F-11D3-BF4B-00C04F79EFBC}") = "lesson_4_3_11_dvumernuy_massiv", "lesson_4_3_11_dvumernuy_massiv\lesson_4_3_11_dvumernuy_massiv.csproj", "{A7F7FEA7-B5E4-4B6A-A13F-83B17BB0E094}"
EndProject
Global
	GlobalSection(SolutionConfigurationPlatforms) = preSolution
		Debug|Any CPU = Debug|Any CPU
		Release|Any CPU = Release|Any CPU
	EndGlobalSection
	GlobalSection(ProjectConfigurationPlatforms) = postSolution
		{5FE6E0EE-71DA-4597-A1C2-5CEF30040EC4}.Debug|Any CPU.ActiveCfg = Debug|Any CPU
		{5FE6E0EE-71DA-4597-A1C2-5CEF30040EC4}.Debug|Any CPU.Build.0 = Debug|Any CPU
		{5FE6E0EE-71DA-4597-A1C2-5CEF30040EC4}.Release|Any CPU.ActiveCfg = Release|Any CPU
		{5FE6E0EE-71DA-4597-A1C2-5CEF30040EC4}.Release|Any CPU.Build.0 = Release|Any CPU
		{83848366-1470-4500-B6E7-AEE7B63B95C2}.Debug|Any CPU.ActiveCfg = Debug|Any CPU
		{83848366-1470-4500-B6E7-AEE7B63B95C2}.Debug|Any CPU.Build.0 = Debug|Any CPU
		{83848366-1470-4500-B6E7-AEE7B63B95C2}.Release|Any CPU.ActiveCfg = Release|Any CPU
		{83848366-1470-4500-B6E7-AEE7B63B95C2}.Release|Any CPU.Build.0 = Release|Any CPU
		{A7F7FEA7-B5E4-4B6A-A13F-83B17BB0E094}.Debug|Any CPU.ActiveCfg = Debug|Any CPU
		{A7F7FEA7-B5E4-4B6A-A13F-83B17BB0E094}.Debug|Any CPU.Build.0 = Debug|Any CPU
		{A7F7FEA7-B5E4-4B6A-A13F-83B17BB0E094}.Release|Any CPU.ActiveCfg = Release|Any CPU
		{A7F7FEA7-B5E4-4B6A-A13F-83B17BB0E094}.Release|Any CPU.Build.0 = Release|Any CPU
	EndGlobalSection
	GlobalSection(SolutionProperties) = preSolution
		HideSolutionNode = FALSE
	EndGlobalSection
	GlobalSection(ExtensibilityGlobals) = postSolution
		SolutionGuid = {B831FBA3-390C-4018-91CD-23DD2BC44A2C}
	EndGlobalSection
EndGlobal
